// !$*UTF8*$!
{
	archiveVersion = 1;
	classes = {
	};
	objectVersion = 55;
	objects = {

/* Begin PBXBuildFile section */
		54C1E8CCB81B1D53B0A5D900 /* Pods_namava_assesmentTests.framework in Frameworks */ = {isa = PBXBuildFile; fileRef = 64ABA84F6DB92A1EDAA9783F /* Pods_namava_assesmentTests.framework */; };
		66321FC32907FB28002B43A8 /* AppDelegate.swift in Sources */ = {isa = PBXBuildFile; fileRef = 66321FC22907FB28002B43A8 /* AppDelegate.swift */; };
		66321FC52907FB28002B43A8 /* SceneDelegate.swift in Sources */ = {isa = PBXBuildFile; fileRef = 66321FC42907FB28002B43A8 /* SceneDelegate.swift */; };
		66321FCA2907FB28002B43A8 /* Main.storyboard in Resources */ = {isa = PBXBuildFile; fileRef = 66321FC82907FB28002B43A8 /* Main.storyboard */; };
		66321FCC2907FB2A002B43A8 /* Assets.xcassets in Resources */ = {isa = PBXBuildFile; fileRef = 66321FCB2907FB2A002B43A8 /* Assets.xcassets */; };
		66321FCF2907FB2A002B43A8 /* LaunchScreen.storyboard in Resources */ = {isa = PBXBuildFile; fileRef = 66321FCD2907FB2A002B43A8 /* LaunchScreen.storyboard */; };
		66321FDA2907FB2A002B43A8 /* namava_assesmentTests.swift in Sources */ = {isa = PBXBuildFile; fileRef = 66321FD92907FB2A002B43A8 /* namava_assesmentTests.swift */; };
		66321FE42907FB2A002B43A8 /* namava_assesmentUITests.swift in Sources */ = {isa = PBXBuildFile; fileRef = 66321FE32907FB2A002B43A8 /* namava_assesmentUITests.swift */; };
		66321FE62907FB2A002B43A8 /* namava_assesmentUITestsLaunchTests.swift in Sources */ = {isa = PBXBuildFile; fileRef = 66321FE52907FB2A002B43A8 /* namava_assesmentUITestsLaunchTests.swift */; };
		6653C47D2908613800F05F3C /* Coordinator.swift in Sources */ = {isa = PBXBuildFile; fileRef = 6653C47C2908613800F05F3C /* Coordinator.swift */; };
		66DE13122907FCEB00ECF1C1 /* WebserviceRequestURLs.swift in Sources */ = {isa = PBXBuildFile; fileRef = 66DE130B2907FCEB00ECF1C1 /* WebserviceRequestURLs.swift */; };
		66DE13132907FCEB00ECF1C1 /* WebserviceRequestURLs.swift in Sources */ = {isa = PBXBuildFile; fileRef = 66DE130B2907FCEB00ECF1C1 /* WebserviceRequestURLs.swift */; };
		66DE13142907FCEB00ECF1C1 /* WebserviceRequestURLs.swift in Sources */ = {isa = PBXBuildFile; fileRef = 66DE130B2907FCEB00ECF1C1 /* WebserviceRequestURLs.swift */; };
		66DE13152907FCEB00ECF1C1 /* ImageLoader.swift in Sources */ = {isa = PBXBuildFile; fileRef = 66DE130C2907FCEB00ECF1C1 /* ImageLoader.swift */; };
		66DE13162907FCEB00ECF1C1 /* ImageLoader.swift in Sources */ = {isa = PBXBuildFile; fileRef = 66DE130C2907FCEB00ECF1C1 /* ImageLoader.swift */; };
		66DE13172907FCEB00ECF1C1 /* ImageLoader.swift in Sources */ = {isa = PBXBuildFile; fileRef = 66DE130C2907FCEB00ECF1C1 /* ImageLoader.swift */; };
		66DE13182907FCEB00ECF1C1 /* Webservice.swift in Sources */ = {isa = PBXBuildFile; fileRef = 66DE130D2907FCEB00ECF1C1 /* Webservice.swift */; };
		66DE13192907FCEB00ECF1C1 /* Webservice.swift in Sources */ = {isa = PBXBuildFile; fileRef = 66DE130D2907FCEB00ECF1C1 /* Webservice.swift */; };
		66DE131A2907FCEB00ECF1C1 /* Webservice.swift in Sources */ = {isa = PBXBuildFile; fileRef = 66DE130D2907FCEB00ECF1C1 /* Webservice.swift */; };
		66DE131B2907FCEB00ECF1C1 /* Resource.swift in Sources */ = {isa = PBXBuildFile; fileRef = 66DE130E2907FCEB00ECF1C1 /* Resource.swift */; };
		66DE131C2907FCEB00ECF1C1 /* Resource.swift in Sources */ = {isa = PBXBuildFile; fileRef = 66DE130E2907FCEB00ECF1C1 /* Resource.swift */; };
		66DE131D2907FCEB00ECF1C1 /* Resource.swift in Sources */ = {isa = PBXBuildFile; fileRef = 66DE130E2907FCEB00ECF1C1 /* Resource.swift */; };
		66DE131E2907FCEB00ECF1C1 /* HttpMethod.swift in Sources */ = {isa = PBXBuildFile; fileRef = 66DE130F2907FCEB00ECF1C1 /* HttpMethod.swift */; };
		66DE131F2907FCEB00ECF1C1 /* HttpMethod.swift in Sources */ = {isa = PBXBuildFile; fileRef = 66DE130F2907FCEB00ECF1C1 /* HttpMethod.swift */; };
		66DE13202907FCEB00ECF1C1 /* HttpMethod.swift in Sources */ = {isa = PBXBuildFile; fileRef = 66DE130F2907FCEB00ECF1C1 /* HttpMethod.swift */; };
		66DE13212907FCEB00ECF1C1 /* NetworkError.swift in Sources */ = {isa = PBXBuildFile; fileRef = 66DE13102907FCEB00ECF1C1 /* NetworkError.swift */; };
		66DE13222907FCEB00ECF1C1 /* NetworkError.swift in Sources */ = {isa = PBXBuildFile; fileRef = 66DE13102907FCEB00ECF1C1 /* NetworkError.swift */; };
		66DE13232907FCEB00ECF1C1 /* NetworkError.swift in Sources */ = {isa = PBXBuildFile; fileRef = 66DE13102907FCEB00ECF1C1 /* NetworkError.swift */; };
		66DE13242907FCEB00ECF1C1 /* WebserviceBaseURL.swift in Sources */ = {isa = PBXBuildFile; fileRef = 66DE13112907FCEB00ECF1C1 /* WebserviceBaseURL.swift */; };
		66DE13252907FCEB00ECF1C1 /* WebserviceBaseURL.swift in Sources */ = {isa = PBXBuildFile; fileRef = 66DE13112907FCEB00ECF1C1 /* WebserviceBaseURL.swift */; };
		66DE13262907FCEB00ECF1C1 /* WebserviceBaseURL.swift in Sources */ = {isa = PBXBuildFile; fileRef = 66DE13112907FCEB00ECF1C1 /* WebserviceBaseURL.swift */; };
		66DE132A2907FDC700ECF1C1 /* URL+path.swift in Sources */ = {isa = PBXBuildFile; fileRef = 66DE13292907FDC700ECF1C1 /* URL+path.swift */; };
		66DE132B2907FDC700ECF1C1 /* URL+path.swift in Sources */ = {isa = PBXBuildFile; fileRef = 66DE13292907FDC700ECF1C1 /* URL+path.swift */; };
		66DE132C2907FDC700ECF1C1 /* URL+path.swift in Sources */ = {isa = PBXBuildFile; fileRef = 66DE13292907FDC700ECF1C1 /* URL+path.swift */; };
		66DE132E2907FDDB00ECF1C1 /* APIVersion.swift in Sources */ = {isa = PBXBuildFile; fileRef = 66DE132D2907FDDB00ECF1C1 /* APIVersion.swift */; };
		66DE132F2907FDDB00ECF1C1 /* APIVersion.swift in Sources */ = {isa = PBXBuildFile; fileRef = 66DE132D2907FDDB00ECF1C1 /* APIVersion.swift */; };
		66DE13302907FDDB00ECF1C1 /* APIVersion.swift in Sources */ = {isa = PBXBuildFile; fileRef = 66DE132D2907FDDB00ECF1C1 /* APIVersion.swift */; };
		66DE1332290806F900ECF1C1 /* ListViewModel.swift in Sources */ = {isa = PBXBuildFile; fileRef = 66DE1331290806F900ECF1C1 /* ListViewModel.swift */; };
		66DE1333290806F900ECF1C1 /* ListViewModel.swift in Sources */ = {isa = PBXBuildFile; fileRef = 66DE1331290806F900ECF1C1 /* ListViewModel.swift */; };
		66DE13362908077600ECF1C1 /* VideoListItem.swift in Sources */ = {isa = PBXBuildFile; fileRef = 66DE13352908077600ECF1C1 /* VideoListItem.swift */; };
		66DE13372908077600ECF1C1 /* VideoListItem.swift in Sources */ = {isa = PBXBuildFile; fileRef = 66DE13352908077600ECF1C1 /* VideoListItem.swift */; };
		66DE13382908077600ECF1C1 /* VideoListItem.swift in Sources */ = {isa = PBXBuildFile; fileRef = 66DE13352908077600ECF1C1 /* VideoListItem.swift */; };
		66DE133A29080AD900ECF1C1 /* ListViewController.swift in Sources */ = {isa = PBXBuildFile; fileRef = 66DE133929080AD900ECF1C1 /* ListViewController.swift */; };
		66DE133B29080AD900ECF1C1 /* ListViewController.swift in Sources */ = {isa = PBXBuildFile; fileRef = 66DE133929080AD900ECF1C1 /* ListViewController.swift */; };
		66DE133E29080DCE00ECF1C1 /* ListItemCell.swift in Sources */ = {isa = PBXBuildFile; fileRef = 66DE133D29080DCE00ECF1C1 /* ListItemCell.swift */; };
		66DE133F29080DCE00ECF1C1 /* ListItemCell.swift in Sources */ = {isa = PBXBuildFile; fileRef = 66DE133D29080DCE00ECF1C1 /* ListItemCell.swift */; };
		66DE134029080DCE00ECF1C1 /* ListItemCell.swift in Sources */ = {isa = PBXBuildFile; fileRef = 66DE133D29080DCE00ECF1C1 /* ListItemCell.swift */; };
		66E881B1290973E6006985AA /* SecretReader.swift in Sources */ = {isa = PBXBuildFile; fileRef = 66E881B0290973E6006985AA /* SecretReader.swift */; };
		66E881B4290A280D006985AA /* DetailViewController.swift in Sources */ = {isa = PBXBuildFile; fileRef = 66E881B3290A280D006985AA /* DetailViewController.swift */; };
		66E881B6290A2854006985AA /* DetailViewModel.swift in Sources */ = {isa = PBXBuildFile; fileRef = 66E881B5290A2854006985AA /* DetailViewModel.swift */; };
		66E881B8290A28EA006985AA /* VimeoPlayer.swift in Sources */ = {isa = PBXBuildFile; fileRef = 66E881B7290A28EA006985AA /* VimeoPlayer.swift */; };
		66E881BA290A2916006985AA /* StatsStackView.swift in Sources */ = {isa = PBXBuildFile; fileRef = 66E881B9290A2916006985AA /* StatsStackView.swift */; };
		66E881BC290A2938006985AA /* AuthenticationViewModel.swift in Sources */ = {isa = PBXBuildFile; fileRef = 66E881BB290A2938006985AA /* AuthenticationViewModel.swift */; };
		66F70000290B851900D18F4C /* UIView+LoadingIndicator.swift in Sources */ = {isa = PBXBuildFile; fileRef = 66F7FFE3290B67BA00D18F4C /* UIView+LoadingIndicator.swift */; };
		66F70001290B851A00D18F4C /* UIView+LoadingIndicator.swift in Sources */ = {isa = PBXBuildFile; fileRef = 66F7FFE3290B67BA00D18F4C /* UIView+LoadingIndicator.swift */; };
		66F70002290B851C00D18F4C /* UIViewController+UIAlert.swift in Sources */ = {isa = PBXBuildFile; fileRef = 66F7FFF5290B6ED400D18F4C /* UIViewController+UIAlert.swift */; };
		66F70003290B851C00D18F4C /* UIViewController+UIAlert.swift in Sources */ = {isa = PBXBuildFile; fileRef = 66F7FFF5290B6ED400D18F4C /* UIViewController+UIAlert.swift */; };
		66F70004290B852300D18F4C /* AppService.swift in Sources */ = {isa = PBXBuildFile; fileRef = 66F7FFED290B6D6600D18F4C /* AppService.swift */; };
		66F70005290B852400D18F4C /* AppService.swift in Sources */ = {isa = PBXBuildFile; fileRef = 66F7FFED290B6D6600D18F4C /* AppService.swift */; };
		66F70006290B852600D18F4C /* PreferencesService.swift in Sources */ = {isa = PBXBuildFile; fileRef = 66F7FFE9290B6C6D00D18F4C /* PreferencesService.swift */; };
		66F70007290B852600D18F4C /* PreferencesService.swift in Sources */ = {isa = PBXBuildFile; fileRef = 66F7FFE9290B6C6D00D18F4C /* PreferencesService.swift */; };
		66F70008290B852A00D18F4C /* UserPreferences.swift in Sources */ = {isa = PBXBuildFile; fileRef = 66F7FFEF290B6DA800D18F4C /* UserPreferences.swift */; };
		66F70009290B852A00D18F4C /* UserPreferences.swift in Sources */ = {isa = PBXBuildFile; fileRef = 66F7FFEF290B6DA800D18F4C /* UserPreferences.swift */; };
		66F7000A290B853300D18F4C /* StatsStackView.swift in Sources */ = {isa = PBXBuildFile; fileRef = 66E881B9290A2916006985AA /* StatsStackView.swift */; };
		66F7000B290B853300D18F4C /* ProgressView.swift in Sources */ = {isa = PBXBuildFile; fileRef = 66F7FFDF290B4DE100D18F4C /* ProgressView.swift */; };
		66F7000C290B853300D18F4C /* VimeoPlayer.swift in Sources */ = {isa = PBXBuildFile; fileRef = 66E881B7290A28EA006985AA /* VimeoPlayer.swift */; };
		66F7000D290B853300D18F4C /* VimeoPlayerControlView.swift in Sources */ = {isa = PBXBuildFile; fileRef = 66F7FFDD290B4D7B00D18F4C /* VimeoPlayerControlView.swift */; };
		66F7000E290B853300D18F4C /* VimeoThumbnail.swift in Sources */ = {isa = PBXBuildFile; fileRef = 66F7FFD8290B4C7D00D18F4C /* VimeoThumbnail.swift */; };
		66F7000F290B853400D18F4C /* StatsStackView.swift in Sources */ = {isa = PBXBuildFile; fileRef = 66E881B9290A2916006985AA /* StatsStackView.swift */; };
		66F70010290B853400D18F4C /* ProgressView.swift in Sources */ = {isa = PBXBuildFile; fileRef = 66F7FFDF290B4DE100D18F4C /* ProgressView.swift */; };
		66F70011290B853400D18F4C /* VimeoPlayer.swift in Sources */ = {isa = PBXBuildFile; fileRef = 66E881B7290A28EA006985AA /* VimeoPlayer.swift */; };
		66F70012290B853400D18F4C /* VimeoPlayerControlView.swift in Sources */ = {isa = PBXBuildFile; fileRef = 66F7FFDD290B4D7B00D18F4C /* VimeoPlayerControlView.swift */; };
		66F70013290B853400D18F4C /* VimeoThumbnail.swift in Sources */ = {isa = PBXBuildFile; fileRef = 66F7FFD8290B4C7D00D18F4C /* VimeoThumbnail.swift */; };
		66F70016290B853A00D18F4C /* ListViewModel.swift in Sources */ = {isa = PBXBuildFile; fileRef = 66DE1331290806F900ECF1C1 /* ListViewModel.swift */; };
		66F70017290B853A00D18F4C /* DetailViewModel.swift in Sources */ = {isa = PBXBuildFile; fileRef = 66E881B5290A2854006985AA /* DetailViewModel.swift */; };
		66F70018290B853A00D18F4C /* AuthenticationViewModel.swift in Sources */ = {isa = PBXBuildFile; fileRef = 66E881BB290A2938006985AA /* AuthenticationViewModel.swift */; };
		66F70019290B853B00D18F4C /* DetailViewModel.swift in Sources */ = {isa = PBXBuildFile; fileRef = 66E881B5290A2854006985AA /* DetailViewModel.swift */; };
		66F7001A290B853B00D18F4C /* AuthenticationViewModel.swift in Sources */ = {isa = PBXBuildFile; fileRef = 66E881BB290A2938006985AA /* AuthenticationViewModel.swift */; };
		66F7001C290B857C00D18F4C /* ListViewController.swift in Sources */ = {isa = PBXBuildFile; fileRef = 66DE133929080AD900ECF1C1 /* ListViewController.swift */; };
		66F7001D290B857C00D18F4C /* DetailViewController.swift in Sources */ = {isa = PBXBuildFile; fileRef = 66E881B3290A280D006985AA /* DetailViewController.swift */; };
		66F7001E290B857D00D18F4C /* DetailViewController.swift in Sources */ = {isa = PBXBuildFile; fileRef = 66E881B3290A280D006985AA /* DetailViewController.swift */; };
		66F7001F290B858500D18F4C /* AppStepper.swift in Sources */ = {isa = PBXBuildFile; fileRef = 66F7FFEB290B6D2300D18F4C /* AppStepper.swift */; };
		66F70020290B858500D18F4C /* AppStep.swift in Sources */ = {isa = PBXBuildFile; fileRef = 66F7FFE6290B687A00D18F4C /* AppStep.swift */; };
		66F70021290B858500D18F4C /* Coordinator.swift in Sources */ = {isa = PBXBuildFile; fileRef = 6653C47C2908613800F05F3C /* Coordinator.swift */; };
		66F70022290B858600D18F4C /* AppStepper.swift in Sources */ = {isa = PBXBuildFile; fileRef = 66F7FFEB290B6D2300D18F4C /* AppStepper.swift */; };
		66F70023290B858600D18F4C /* AppStep.swift in Sources */ = {isa = PBXBuildFile; fileRef = 66F7FFE6290B687A00D18F4C /* AppStep.swift */; };
		66F70024290B858600D18F4C /* Coordinator.swift in Sources */ = {isa = PBXBuildFile; fileRef = 6653C47C2908613800F05F3C /* Coordinator.swift */; };
		66F70025290B859100D18F4C /* SecretReader.swift in Sources */ = {isa = PBXBuildFile; fileRef = 66E881B0290973E6006985AA /* SecretReader.swift */; };
		66F70026290B859200D18F4C /* SecretReader.swift in Sources */ = {isa = PBXBuildFile; fileRef = 66E881B0290973E6006985AA /* SecretReader.swift */; };
		66F70027290B859800D18F4C /* TimeFormatter.swift in Sources */ = {isa = PBXBuildFile; fileRef = 66F7FFF8290B730700D18F4C /* TimeFormatter.swift */; };
		66F70028290B859800D18F4C /* TimeFormatter.swift in Sources */ = {isa = PBXBuildFile; fileRef = 66F7FFF8290B730700D18F4C /* TimeFormatter.swift */; };
		66F7002A290B85EB00D18F4C /* searchUITests.swift in Sources */ = {isa = PBXBuildFile; fileRef = 66F70029290B85EB00D18F4C /* searchUITests.swift */; };
		66F7002E290B863400D18F4C /* UtilTests.swift in Sources */ = {isa = PBXBuildFile; fileRef = 66F7002D290B863400D18F4C /* UtilTests.swift */; };
		66F70031290BAAA300D18F4C /* ListPlaceholder.swift in Sources */ = {isa = PBXBuildFile; fileRef = 66F70030290BAAA300D18F4C /* ListPlaceholder.swift */; };
		66F70032290BAAA300D18F4C /* ListPlaceholder.swift in Sources */ = {isa = PBXBuildFile; fileRef = 66F70030290BAAA300D18F4C /* ListPlaceholder.swift */; };
		66F70033290BAAA300D18F4C /* ListPlaceholder.swift in Sources */ = {isa = PBXBuildFile; fileRef = 66F70030290BAAA300D18F4C /* ListPlaceholder.swift */; };
		66F70035290BAFA000D18F4C /* ImageCollection.swift in Sources */ = {isa = PBXBuildFile; fileRef = 66F70034290BAFA000D18F4C /* ImageCollection.swift */; };
		66F70036290BAFA000D18F4C /* ImageCollection.swift in Sources */ = {isa = PBXBuildFile; fileRef = 66F70034290BAFA000D18F4C /* ImageCollection.swift */; };
		66F70037290BAFA000D18F4C /* ImageCollection.swift in Sources */ = {isa = PBXBuildFile; fileRef = 66F70034290BAFA000D18F4C /* ImageCollection.swift */; };
		66F70039290BAFEB00D18F4C /* UIImage+ImageCollection.swift in Sources */ = {isa = PBXBuildFile; fileRef = 66F70038290BAFEB00D18F4C /* UIImage+ImageCollection.swift */; };
		66F7003A290BAFEB00D18F4C /* UIImage+ImageCollection.swift in Sources */ = {isa = PBXBuildFile; fileRef = 66F70038290BAFEB00D18F4C /* UIImage+ImageCollection.swift */; };
		66F7003B290BAFEB00D18F4C /* UIImage+ImageCollection.swift in Sources */ = {isa = PBXBuildFile; fileRef = 66F70038290BAFEB00D18F4C /* UIImage+ImageCollection.swift */; };
		66F7FFD9290B4C7D00D18F4C /* VimeoThumbnail.swift in Sources */ = {isa = PBXBuildFile; fileRef = 66F7FFD8290B4C7D00D18F4C /* VimeoThumbnail.swift */; };
		66F7FFDC290B4CAE00D18F4C /* AVPlayer+isPlaying.swift in Sources */ = {isa = PBXBuildFile; fileRef = 66F7FFDB290B4CAE00D18F4C /* AVPlayer+isPlaying.swift */; };
		66F7FFDE290B4D7B00D18F4C /* VimeoPlayerControlView.swift in Sources */ = {isa = PBXBuildFile; fileRef = 66F7FFDD290B4D7B00D18F4C /* VimeoPlayerControlView.swift */; };
		66F7FFE0290B4DE100D18F4C /* ProgressView.swift in Sources */ = {isa = PBXBuildFile; fileRef = 66F7FFDF290B4DE100D18F4C /* ProgressView.swift */; };
		66F7FFE2290B4E1100D18F4C /* Reactive+AVPlayer.swift in Sources */ = {isa = PBXBuildFile; fileRef = 66F7FFE1290B4E1100D18F4C /* Reactive+AVPlayer.swift */; };
		66F7FFE4290B67BA00D18F4C /* UIView+LoadingIndicator.swift in Sources */ = {isa = PBXBuildFile; fileRef = 66F7FFE3290B67BA00D18F4C /* UIView+LoadingIndicator.swift */; };
		66F7FFE7290B687A00D18F4C /* AppStep.swift in Sources */ = {isa = PBXBuildFile; fileRef = 66F7FFE6290B687A00D18F4C /* AppStep.swift */; };
		66F7FFEA290B6C6D00D18F4C /* PreferencesService.swift in Sources */ = {isa = PBXBuildFile; fileRef = 66F7FFE9290B6C6D00D18F4C /* PreferencesService.swift */; };
		66F7FFEC290B6D2300D18F4C /* AppStepper.swift in Sources */ = {isa = PBXBuildFile; fileRef = 66F7FFEB290B6D2300D18F4C /* AppStepper.swift */; };
		66F7FFEE290B6D6600D18F4C /* AppService.swift in Sources */ = {isa = PBXBuildFile; fileRef = 66F7FFED290B6D6600D18F4C /* AppService.swift */; };
		66F7FFF0290B6DA800D18F4C /* UserPreferences.swift in Sources */ = {isa = PBXBuildFile; fileRef = 66F7FFEF290B6DA800D18F4C /* UserPreferences.swift */; };
		66F7FFF2290B6DD000D18F4C /* Reactive+PreferencesService.swift in Sources */ = {isa = PBXBuildFile; fileRef = 66F7FFF1290B6DD000D18F4C /* Reactive+PreferencesService.swift */; };
		66F7FFF6290B6ED400D18F4C /* UIViewController+UIAlert.swift in Sources */ = {isa = PBXBuildFile; fileRef = 66F7FFF5290B6ED400D18F4C /* UIViewController+UIAlert.swift */; };
		66F7FFF9290B730700D18F4C /* TimeFormatter.swift in Sources */ = {isa = PBXBuildFile; fileRef = 66F7FFF8290B730700D18F4C /* TimeFormatter.swift */; };
		66F7FFFA290B851000D18F4C /* Reactive+AVPlayer.swift in Sources */ = {isa = PBXBuildFile; fileRef = 66F7FFE1290B4E1100D18F4C /* Reactive+AVPlayer.swift */; };
		66F7FFFB290B851000D18F4C /* Reactive+AVPlayer.swift in Sources */ = {isa = PBXBuildFile; fileRef = 66F7FFE1290B4E1100D18F4C /* Reactive+AVPlayer.swift */; };
		66F7FFFC290B851300D18F4C /* Reactive+PreferencesService.swift in Sources */ = {isa = PBXBuildFile; fileRef = 66F7FFF1290B6DD000D18F4C /* Reactive+PreferencesService.swift */; };
		66F7FFFD290B851300D18F4C /* Reactive+PreferencesService.swift in Sources */ = {isa = PBXBuildFile; fileRef = 66F7FFF1290B6DD000D18F4C /* Reactive+PreferencesService.swift */; };
		66F7FFFE290B851600D18F4C /* AVPlayer+isPlaying.swift in Sources */ = {isa = PBXBuildFile; fileRef = 66F7FFDB290B4CAE00D18F4C /* AVPlayer+isPlaying.swift */; };
		66F7FFFF290B851700D18F4C /* AVPlayer+isPlaying.swift in Sources */ = {isa = PBXBuildFile; fileRef = 66F7FFDB290B4CAE00D18F4C /* AVPlayer+isPlaying.swift */; };
		8BF9836B6ADF0305FFE18972 /* Pods_namava_assesment_namava_assesmentUITests.framework in Frameworks */ = {isa = PBXBuildFile; fileRef = AE0617BD1519538602CDBDDE /* Pods_namava_assesment_namava_assesmentUITests.framework */; };
		E833B26D4DF5607302EAB1E2 /* Pods_namava_assesment.framework in Frameworks */ = {isa = PBXBuildFile; fileRef = E3B00DF4CBB411D17D96050A /* Pods_namava_assesment.framework */; };
/* End PBXBuildFile section */

/* Begin PBXContainerItemProxy section */
		66321FD62907FB2A002B43A8 /* PBXContainerItemProxy */ = {
			isa = PBXContainerItemProxy;
			containerPortal = 66321FB72907FB28002B43A8 /* Project object */;
			proxyType = 1;
			remoteGlobalIDString = 66321FBE2907FB28002B43A8;
			remoteInfo = "namava-assesment";
		};
		66321FE02907FB2A002B43A8 /* PBXContainerItemProxy */ = {
			isa = PBXContainerItemProxy;
			containerPortal = 66321FB72907FB28002B43A8 /* Project object */;
			proxyType = 1;
			remoteGlobalIDString = 66321FBE2907FB28002B43A8;
			remoteInfo = "namava-assesment";
		};
/* End PBXContainerItemProxy section */

/* Begin PBXFileReference section */
		15DA00960E258501490CEBBC /* Pods-namava-assesment-namava-assesmentUITests.release.xcconfig */ = {isa = PBXFileReference; includeInIndex = 1; lastKnownFileType = text.xcconfig; name = "Pods-namava-assesment-namava-assesmentUITests.release.xcconfig"; path = "Target Support Files/Pods-namava-assesment-namava-assesmentUITests/Pods-namava-assesment-namava-assesmentUITests.release.xcconfig"; sourceTree = "<group>"; };
		45634CF40A2AC27CBFFF99C3 /* Pods-namava-assesmentTests.debug.xcconfig */ = {isa = PBXFileReference; includeInIndex = 1; lastKnownFileType = text.xcconfig; name = "Pods-namava-assesmentTests.debug.xcconfig"; path = "Target Support Files/Pods-namava-assesmentTests/Pods-namava-assesmentTests.debug.xcconfig"; sourceTree = "<group>"; };
		5B7B86225571414B5A574464 /* Pods-namava-assesment-namava-assesmentUITests.debug.xcconfig */ = {isa = PBXFileReference; includeInIndex = 1; lastKnownFileType = text.xcconfig; name = "Pods-namava-assesment-namava-assesmentUITests.debug.xcconfig"; path = "Target Support Files/Pods-namava-assesment-namava-assesmentUITests/Pods-namava-assesment-namava-assesmentUITests.debug.xcconfig"; sourceTree = "<group>"; };
		64ABA84F6DB92A1EDAA9783F /* Pods_namava_assesmentTests.framework */ = {isa = PBXFileReference; explicitFileType = wrapper.framework; includeInIndex = 0; path = Pods_namava_assesmentTests.framework; sourceTree = BUILT_PRODUCTS_DIR; };
		66321FBF2907FB28002B43A8 /* namava-assesment.app */ = {isa = PBXFileReference; explicitFileType = wrapper.application; includeInIndex = 0; path = "namava-assesment.app"; sourceTree = BUILT_PRODUCTS_DIR; };
		66321FC22907FB28002B43A8 /* AppDelegate.swift */ = {isa = PBXFileReference; lastKnownFileType = sourcecode.swift; path = AppDelegate.swift; sourceTree = "<group>"; };
		66321FC42907FB28002B43A8 /* SceneDelegate.swift */ = {isa = PBXFileReference; lastKnownFileType = sourcecode.swift; path = SceneDelegate.swift; sourceTree = "<group>"; };
		66321FC92907FB28002B43A8 /* Base */ = {isa = PBXFileReference; lastKnownFileType = file.storyboard; name = Base; path = Base.lproj/Main.storyboard; sourceTree = "<group>"; };
		66321FCB2907FB2A002B43A8 /* Assets.xcassets */ = {isa = PBXFileReference; lastKnownFileType = folder.assetcatalog; path = Assets.xcassets; sourceTree = "<group>"; };
		66321FCE2907FB2A002B43A8 /* Base */ = {isa = PBXFileReference; lastKnownFileType = file.storyboard; name = Base; path = Base.lproj/LaunchScreen.storyboard; sourceTree = "<group>"; };
		66321FD02907FB2A002B43A8 /* Info.plist */ = {isa = PBXFileReference; lastKnownFileType = text.plist.xml; path = Info.plist; sourceTree = "<group>"; };
		66321FD52907FB2A002B43A8 /* namava-assesmentTests.xctest */ = {isa = PBXFileReference; explicitFileType = wrapper.cfbundle; includeInIndex = 0; path = "namava-assesmentTests.xctest"; sourceTree = BUILT_PRODUCTS_DIR; };
		66321FD92907FB2A002B43A8 /* namava_assesmentTests.swift */ = {isa = PBXFileReference; lastKnownFileType = sourcecode.swift; path = namava_assesmentTests.swift; sourceTree = "<group>"; };
		66321FDF2907FB2A002B43A8 /* namava-assesmentUITests.xctest */ = {isa = PBXFileReference; explicitFileType = wrapper.cfbundle; includeInIndex = 0; path = "namava-assesmentUITests.xctest"; sourceTree = BUILT_PRODUCTS_DIR; };
		66321FE32907FB2A002B43A8 /* namava_assesmentUITests.swift */ = {isa = PBXFileReference; lastKnownFileType = sourcecode.swift; path = namava_assesmentUITests.swift; sourceTree = "<group>"; };
		66321FE52907FB2A002B43A8 /* namava_assesmentUITestsLaunchTests.swift */ = {isa = PBXFileReference; lastKnownFileType = sourcecode.swift; path = namava_assesmentUITestsLaunchTests.swift; sourceTree = "<group>"; };
		6653C47C2908613800F05F3C /* Coordinator.swift */ = {isa = PBXFileReference; lastKnownFileType = sourcecode.swift; path = Coordinator.swift; sourceTree = "<group>"; };
		66DE130B2907FCEB00ECF1C1 /* WebserviceRequestURLs.swift */ = {isa = PBXFileReference; fileEncoding = 4; lastKnownFileType = sourcecode.swift; path = WebserviceRequestURLs.swift; sourceTree = "<group>"; };
		66DE130C2907FCEB00ECF1C1 /* ImageLoader.swift */ = {isa = PBXFileReference; fileEncoding = 4; lastKnownFileType = sourcecode.swift; path = ImageLoader.swift; sourceTree = "<group>"; };
		66DE130D2907FCEB00ECF1C1 /* Webservice.swift */ = {isa = PBXFileReference; fileEncoding = 4; lastKnownFileType = sourcecode.swift; path = Webservice.swift; sourceTree = "<group>"; };
		66DE130E2907FCEB00ECF1C1 /* Resource.swift */ = {isa = PBXFileReference; fileEncoding = 4; lastKnownFileType = sourcecode.swift; path = Resource.swift; sourceTree = "<group>"; };
		66DE130F2907FCEB00ECF1C1 /* HttpMethod.swift */ = {isa = PBXFileReference; fileEncoding = 4; lastKnownFileType = sourcecode.swift; path = HttpMethod.swift; sourceTree = "<group>"; };
		66DE13102907FCEB00ECF1C1 /* NetworkError.swift */ = {isa = PBXFileReference; fileEncoding = 4; lastKnownFileType = sourcecode.swift; path = NetworkError.swift; sourceTree = "<group>"; };
		66DE13112907FCEB00ECF1C1 /* WebserviceBaseURL.swift */ = {isa = PBXFileReference; fileEncoding = 4; lastKnownFileType = sourcecode.swift; path = WebserviceBaseURL.swift; sourceTree = "<group>"; };
		66DE13292907FDC700ECF1C1 /* URL+path.swift */ = {isa = PBXFileReference; lastKnownFileType = sourcecode.swift; path = "URL+path.swift"; sourceTree = "<group>"; };
		66DE132D2907FDDB00ECF1C1 /* APIVersion.swift */ = {isa = PBXFileReference; lastKnownFileType = sourcecode.swift; path = APIVersion.swift; sourceTree = "<group>"; };
		66DE1331290806F900ECF1C1 /* ListViewModel.swift */ = {isa = PBXFileReference; lastKnownFileType = sourcecode.swift; path = ListViewModel.swift; sourceTree = "<group>"; };
		66DE13352908077600ECF1C1 /* VideoListItem.swift */ = {isa = PBXFileReference; lastKnownFileType = sourcecode.swift; path = VideoListItem.swift; sourceTree = "<group>"; };
		66DE133929080AD900ECF1C1 /* ListViewController.swift */ = {isa = PBXFileReference; lastKnownFileType = sourcecode.swift; path = ListViewController.swift; sourceTree = "<group>"; };
		66DE133D29080DCE00ECF1C1 /* ListItemCell.swift */ = {isa = PBXFileReference; lastKnownFileType = sourcecode.swift; path = ListItemCell.swift; sourceTree = "<group>"; };
		66DE134129083EFB00ECF1C1 /* VimeoConfig.xcconfig */ = {isa = PBXFileReference; lastKnownFileType = text.xcconfig; path = VimeoConfig.xcconfig; sourceTree = "<group>"; };
		66E881B0290973E6006985AA /* SecretReader.swift */ = {isa = PBXFileReference; lastKnownFileType = sourcecode.swift; path = SecretReader.swift; sourceTree = "<group>"; };
		66E881B3290A280D006985AA /* DetailViewController.swift */ = {isa = PBXFileReference; lastKnownFileType = sourcecode.swift; path = DetailViewController.swift; sourceTree = "<group>"; };
		66E881B5290A2854006985AA /* DetailViewModel.swift */ = {isa = PBXFileReference; lastKnownFileType = sourcecode.swift; path = DetailViewModel.swift; sourceTree = "<group>"; };
		66E881B7290A28EA006985AA /* VimeoPlayer.swift */ = {isa = PBXFileReference; lastKnownFileType = sourcecode.swift; path = VimeoPlayer.swift; sourceTree = "<group>"; };
		66E881B9290A2916006985AA /* StatsStackView.swift */ = {isa = PBXFileReference; lastKnownFileType = sourcecode.swift; path = StatsStackView.swift; sourceTree = "<group>"; };
		66E881BB290A2938006985AA /* AuthenticationViewModel.swift */ = {isa = PBXFileReference; lastKnownFileType = sourcecode.swift; path = AuthenticationViewModel.swift; sourceTree = "<group>"; };
		66F70029290B85EB00D18F4C /* searchUITests.swift */ = {isa = PBXFileReference; lastKnownFileType = sourcecode.swift; path = searchUITests.swift; sourceTree = "<group>"; };
		66F7002D290B863400D18F4C /* UtilTests.swift */ = {isa = PBXFileReference; lastKnownFileType = sourcecode.swift; path = UtilTests.swift; sourceTree = "<group>"; };
		66F70030290BAAA300D18F4C /* ListPlaceholder.swift */ = {isa = PBXFileReference; lastKnownFileType = sourcecode.swift; path = ListPlaceholder.swift; sourceTree = "<group>"; };
		66F70034290BAFA000D18F4C /* ImageCollection.swift */ = {isa = PBXFileReference; lastKnownFileType = sourcecode.swift; path = ImageCollection.swift; sourceTree = "<group>"; };
		66F70038290BAFEB00D18F4C /* UIImage+ImageCollection.swift */ = {isa = PBXFileReference; lastKnownFileType = sourcecode.swift; path = "UIImage+ImageCollection.swift"; sourceTree = "<group>"; };
		66F7FFD8290B4C7D00D18F4C /* VimeoThumbnail.swift */ = {isa = PBXFileReference; lastKnownFileType = sourcecode.swift; path = VimeoThumbnail.swift; sourceTree = "<group>"; };
		66F7FFDB290B4CAE00D18F4C /* AVPlayer+isPlaying.swift */ = {isa = PBXFileReference; lastKnownFileType = sourcecode.swift; path = "AVPlayer+isPlaying.swift"; sourceTree = "<group>"; };
		66F7FFDD290B4D7B00D18F4C /* VimeoPlayerControlView.swift */ = {isa = PBXFileReference; lastKnownFileType = sourcecode.swift; path = VimeoPlayerControlView.swift; sourceTree = "<group>"; };
		66F7FFDF290B4DE100D18F4C /* ProgressView.swift */ = {isa = PBXFileReference; lastKnownFileType = sourcecode.swift; path = ProgressView.swift; sourceTree = "<group>"; };
		66F7FFE1290B4E1100D18F4C /* Reactive+AVPlayer.swift */ = {isa = PBXFileReference; lastKnownFileType = sourcecode.swift; path = "Reactive+AVPlayer.swift"; sourceTree = "<group>"; };
		66F7FFE3290B67BA00D18F4C /* UIView+LoadingIndicator.swift */ = {isa = PBXFileReference; lastKnownFileType = sourcecode.swift; path = "UIView+LoadingIndicator.swift"; sourceTree = "<group>"; };
		66F7FFE6290B687A00D18F4C /* AppStep.swift */ = {isa = PBXFileReference; lastKnownFileType = sourcecode.swift; path = AppStep.swift; sourceTree = "<group>"; };
		66F7FFE9290B6C6D00D18F4C /* PreferencesService.swift */ = {isa = PBXFileReference; lastKnownFileType = sourcecode.swift; path = PreferencesService.swift; sourceTree = "<group>"; };
		66F7FFEB290B6D2300D18F4C /* AppStepper.swift */ = {isa = PBXFileReference; lastKnownFileType = sourcecode.swift; path = AppStepper.swift; sourceTree = "<group>"; };
		66F7FFED290B6D6600D18F4C /* AppService.swift */ = {isa = PBXFileReference; lastKnownFileType = sourcecode.swift; path = AppService.swift; sourceTree = "<group>"; };
		66F7FFEF290B6DA800D18F4C /* UserPreferences.swift */ = {isa = PBXFileReference; lastKnownFileType = sourcecode.swift; path = UserPreferences.swift; sourceTree = "<group>"; };
		66F7FFF1290B6DD000D18F4C /* Reactive+PreferencesService.swift */ = {isa = PBXFileReference; lastKnownFileType = sourcecode.swift; path = "Reactive+PreferencesService.swift"; sourceTree = "<group>"; };
		66F7FFF5290B6ED400D18F4C /* UIViewController+UIAlert.swift */ = {isa = PBXFileReference; lastKnownFileType = sourcecode.swift; path = "UIViewController+UIAlert.swift"; sourceTree = "<group>"; };
		66F7FFF8290B730700D18F4C /* TimeFormatter.swift */ = {isa = PBXFileReference; lastKnownFileType = sourcecode.swift; path = TimeFormatter.swift; sourceTree = "<group>"; };
		671D16FEE654EB20914ED427 /* Pods-namava-assesmentTests.release.xcconfig */ = {isa = PBXFileReference; includeInIndex = 1; lastKnownFileType = text.xcconfig; name = "Pods-namava-assesmentTests.release.xcconfig"; path = "Target Support Files/Pods-namava-assesmentTests/Pods-namava-assesmentTests.release.xcconfig"; sourceTree = "<group>"; };
		AE0617BD1519538602CDBDDE /* Pods_namava_assesment_namava_assesmentUITests.framework */ = {isa = PBXFileReference; explicitFileType = wrapper.framework; includeInIndex = 0; path = Pods_namava_assesment_namava_assesmentUITests.framework; sourceTree = BUILT_PRODUCTS_DIR; };
		D9AD2B9F5C17F100D6DB4CCA /* Pods-namava-assesment.debug.xcconfig */ = {isa = PBXFileReference; includeInIndex = 1; lastKnownFileType = text.xcconfig; name = "Pods-namava-assesment.debug.xcconfig"; path = "Target Support Files/Pods-namava-assesment/Pods-namava-assesment.debug.xcconfig"; sourceTree = "<group>"; };
		E3B00DF4CBB411D17D96050A /* Pods_namava_assesment.framework */ = {isa = PBXFileReference; explicitFileType = wrapper.framework; includeInIndex = 0; path = Pods_namava_assesment.framework; sourceTree = BUILT_PRODUCTS_DIR; };
		F9D80F4DE7B361E2B2E172EE /* Pods-namava-assesment.release.xcconfig */ = {isa = PBXFileReference; includeInIndex = 1; lastKnownFileType = text.xcconfig; name = "Pods-namava-assesment.release.xcconfig"; path = "Target Support Files/Pods-namava-assesment/Pods-namava-assesment.release.xcconfig"; sourceTree = "<group>"; };
/* End PBXFileReference section */

/* Begin PBXFrameworksBuildPhase section */
		66321FBC2907FB28002B43A8 /* Frameworks */ = {
			isa = PBXFrameworksBuildPhase;
			buildActionMask = 2147483647;
			files = (
				E833B26D4DF5607302EAB1E2 /* Pods_namava_assesment.framework in Frameworks */,
			);
			runOnlyForDeploymentPostprocessing = 0;
		};
		66321FD22907FB2A002B43A8 /* Frameworks */ = {
			isa = PBXFrameworksBuildPhase;
			buildActionMask = 2147483647;
			files = (
				54C1E8CCB81B1D53B0A5D900 /* Pods_namava_assesmentTests.framework in Frameworks */,
			);
			runOnlyForDeploymentPostprocessing = 0;
		};
		66321FDC2907FB2A002B43A8 /* Frameworks */ = {
			isa = PBXFrameworksBuildPhase;
			buildActionMask = 2147483647;
			files = (
				8BF9836B6ADF0305FFE18972 /* Pods_namava_assesment_namava_assesmentUITests.framework in Frameworks */,
			);
			runOnlyForDeploymentPostprocessing = 0;
		};
/* End PBXFrameworksBuildPhase section */

/* Begin PBXGroup section */
		2D98416BEA83D7750C9E1100 /* Frameworks */ = {
			isa = PBXGroup;
			children = (
				E3B00DF4CBB411D17D96050A /* Pods_namava_assesment.framework */,
				AE0617BD1519538602CDBDDE /* Pods_namava_assesment_namava_assesmentUITests.framework */,
				64ABA84F6DB92A1EDAA9783F /* Pods_namava_assesmentTests.framework */,
			);
			name = Frameworks;
			sourceTree = "<group>";
		};
		5677034F64D11891FD6A9A85 /* Pods */ = {
			isa = PBXGroup;
			children = (
				D9AD2B9F5C17F100D6DB4CCA /* Pods-namava-assesment.debug.xcconfig */,
				F9D80F4DE7B361E2B2E172EE /* Pods-namava-assesment.release.xcconfig */,
				5B7B86225571414B5A574464 /* Pods-namava-assesment-namava-assesmentUITests.debug.xcconfig */,
				15DA00960E258501490CEBBC /* Pods-namava-assesment-namava-assesmentUITests.release.xcconfig */,
				45634CF40A2AC27CBFFF99C3 /* Pods-namava-assesmentTests.debug.xcconfig */,
				671D16FEE654EB20914ED427 /* Pods-namava-assesmentTests.release.xcconfig */,
			);
			path = Pods;
			sourceTree = "<group>";
		};
		66321FB62907FB28002B43A8 = {
			isa = PBXGroup;
			children = (
				66321FC12907FB28002B43A8 /* namava-assesment */,
				66321FD82907FB2A002B43A8 /* namava-assesmentTests */,
				66321FE22907FB2A002B43A8 /* namava-assesmentUITests */,
				66321FC02907FB28002B43A8 /* Products */,
				5677034F64D11891FD6A9A85 /* Pods */,
				2D98416BEA83D7750C9E1100 /* Frameworks */,
			);
			sourceTree = "<group>";
		};
		66321FC02907FB28002B43A8 /* Products */ = {
			isa = PBXGroup;
			children = (
				66321FBF2907FB28002B43A8 /* namava-assesment.app */,
				66321FD52907FB2A002B43A8 /* namava-assesmentTests.xctest */,
				66321FDF2907FB2A002B43A8 /* namava-assesmentUITests.xctest */,
			);
			name = Products;
			sourceTree = "<group>";
		};
		66321FC12907FB28002B43A8 /* namava-assesment */ = {
			isa = PBXGroup;
			children = (
				66F7FFF7290B72FF00D18F4C /* Util */,
				66DE13032907FC2000ECF1C1 /* App */,
				66F7FFE5290B686000D18F4C /* Coordination */,
				66DE13042907FC2500ECF1C1 /* Module */,
				66F7FFE8290B6C4B00D18F4C /* Preferences */,
				66F7FFDA290B4C9B00D18F4C /* Helper */,
				66DE13092907FC5A00ECF1C1 /* Service */,
				66DE130A2907FC5F00ECF1C1 /* Model */,
				66321FCB2907FB2A002B43A8 /* Assets.xcassets */,
				66321FD02907FB2A002B43A8 /* Info.plist */,
				66DE134129083EFB00ECF1C1 /* VimeoConfig.xcconfig */,
			);
			path = "namava-assesment";
			sourceTree = "<group>";
		};
		66321FD82907FB2A002B43A8 /* namava-assesmentTests */ = {
			isa = PBXGroup;
			children = (
				66321FD92907FB2A002B43A8 /* namava_assesmentTests.swift */,
				66F7002D290B863400D18F4C /* UtilTests.swift */,
			);
			path = "namava-assesmentTests";
			sourceTree = "<group>";
		};
		66321FE22907FB2A002B43A8 /* namava-assesmentUITests */ = {
			isa = PBXGroup;
			children = (
				66321FE32907FB2A002B43A8 /* namava_assesmentUITests.swift */,
				66321FE52907FB2A002B43A8 /* namava_assesmentUITestsLaunchTests.swift */,
				66F70029290B85EB00D18F4C /* searchUITests.swift */,
			);
			path = "namava-assesmentUITests";
			sourceTree = "<group>";
		};
		66DE13032907FC2000ECF1C1 /* App */ = {
			isa = PBXGroup;
			children = (
				66321FC22907FB28002B43A8 /* AppDelegate.swift */,
				66321FC42907FB28002B43A8 /* SceneDelegate.swift */,
				66321FC82907FB28002B43A8 /* Main.storyboard */,
				66321FCD2907FB2A002B43A8 /* LaunchScreen.storyboard */,
			);
			path = App;
			sourceTree = "<group>";
		};
		66DE13042907FC2500ECF1C1 /* Module */ = {
			isa = PBXGroup;
			children = (
				66DE13082907FC4900ECF1C1 /* Controller */,
				66DE13072907FC4100ECF1C1 /* ViewModel */,
				66DE13052907FC3100ECF1C1 /* View */,
			);
			path = Module;
			sourceTree = "<group>";
		};
		66DE13052907FC3100ECF1C1 /* View */ = {
			isa = PBXGroup;
			children = (
				66DE133D29080DCE00ECF1C1 /* ListItemCell.swift */,
				66E881B7290A28EA006985AA /* VimeoPlayer.swift */,
				66F7FFDD290B4D7B00D18F4C /* VimeoPlayerControlView.swift */,
				66F7FFDF290B4DE100D18F4C /* ProgressView.swift */,
				66F7FFD8290B4C7D00D18F4C /* VimeoThumbnail.swift */,
				66E881B9290A2916006985AA /* StatsStackView.swift */,
				66F70030290BAAA300D18F4C /* ListPlaceholder.swift */,
			);
			path = View;
			sourceTree = "<group>";
		};
		66DE13072907FC4100ECF1C1 /* ViewModel */ = {
			isa = PBXGroup;
			children = (
				66E881BB290A2938006985AA /* AuthenticationViewModel.swift */,
				66DE1331290806F900ECF1C1 /* ListViewModel.swift */,
				66E881B5290A2854006985AA /* DetailViewModel.swift */,
			);
			path = ViewModel;
			sourceTree = "<group>";
		};
		66DE13082907FC4900ECF1C1 /* Controller */ = {
			isa = PBXGroup;
			children = (
				66DE133929080AD900ECF1C1 /* ListViewController.swift */,
				66E881B3290A280D006985AA /* DetailViewController.swift */,
			);
			path = Controller;
			sourceTree = "<group>";
		};
		66DE13092907FC5A00ECF1C1 /* Service */ = {
			isa = PBXGroup;
			children = (
				66DE13282907FD9700ECF1C1 /* APIs */,
				66DE13272907FD8A00ECF1C1 /* Webservice */,
			);
			path = Service;
			sourceTree = "<group>";
		};
		66DE130A2907FC5F00ECF1C1 /* Model */ = {
			isa = PBXGroup;
			children = (
				66DE13352908077600ECF1C1 /* VideoListItem.swift */,
			);
			path = Model;
			sourceTree = "<group>";
		};
		66DE13272907FD8A00ECF1C1 /* Webservice */ = {
			isa = PBXGroup;
			children = (
				66DE130F2907FCEB00ECF1C1 /* HttpMethod.swift */,
				66DE130C2907FCEB00ECF1C1 /* ImageLoader.swift */,
				66DE13102907FCEB00ECF1C1 /* NetworkError.swift */,
				66DE130E2907FCEB00ECF1C1 /* Resource.swift */,
				66DE130D2907FCEB00ECF1C1 /* Webservice.swift */,
				66DE132D2907FDDB00ECF1C1 /* APIVersion.swift */,
			);
			path = Webservice;
			sourceTree = "<group>";
		};
		66DE13282907FD9700ECF1C1 /* APIs */ = {
			isa = PBXGroup;
			children = (
				66DE13112907FCEB00ECF1C1 /* WebserviceBaseURL.swift */,
				66DE130B2907FCEB00ECF1C1 /* WebserviceRequestURLs.swift */,
				66DE13292907FDC700ECF1C1 /* URL+path.swift */,
			);
			path = APIs;
			sourceTree = "<group>";
		};
		66F7FFDA290B4C9B00D18F4C /* Helper */ = {
			isa = PBXGroup;
			children = (
				66F7FFF4290B6DDD00D18F4C /* Rx */,
				66F7FFF3290B6DD500D18F4C /* UIKit */,
			);
			path = Helper;
			sourceTree = "<group>";
		};
		66F7FFE5290B686000D18F4C /* Coordination */ = {
			isa = PBXGroup;
			children = (
				66F7FFEB290B6D2300D18F4C /* AppStepper.swift */,
				6653C47C2908613800F05F3C /* Coordinator.swift */,
				66F7FFE6290B687A00D18F4C /* AppStep.swift */,
			);
			path = Coordination;
			sourceTree = "<group>";
		};
		66F7FFE8290B6C4B00D18F4C /* Preferences */ = {
			isa = PBXGroup;
			children = (
				66F7FFED290B6D6600D18F4C /* AppService.swift */,
				66F7FFE9290B6C6D00D18F4C /* PreferencesService.swift */,
				66F7FFEF290B6DA800D18F4C /* UserPreferences.swift */,
			);
			path = Preferences;
			sourceTree = "<group>";
		};
		66F7FFF3290B6DD500D18F4C /* UIKit */ = {
			isa = PBXGroup;
			children = (
				66F7FFDB290B4CAE00D18F4C /* AVPlayer+isPlaying.swift */,
				66F7FFE3290B67BA00D18F4C /* UIView+LoadingIndicator.swift */,
				66F7FFF5290B6ED400D18F4C /* UIViewController+UIAlert.swift */,
				66F70038290BAFEB00D18F4C /* UIImage+ImageCollection.swift */,
			);
			path = UIKit;
			sourceTree = "<group>";
		};
		66F7FFF4290B6DDD00D18F4C /* Rx */ = {
			isa = PBXGroup;
			children = (
				66F7FFE1290B4E1100D18F4C /* Reactive+AVPlayer.swift */,
				66F7FFF1290B6DD000D18F4C /* Reactive+PreferencesService.swift */,
			);
			path = Rx;
			sourceTree = "<group>";
		};
		66F7FFF7290B72FF00D18F4C /* Util */ = {
			isa = PBXGroup;
			children = (
				66E881B0290973E6006985AA /* SecretReader.swift */,
				66F7FFF8290B730700D18F4C /* TimeFormatter.swift */,
				66F70034290BAFA000D18F4C /* ImageCollection.swift */,
			);
			path = Util;
			sourceTree = "<group>";
		};
/* End PBXGroup section */

/* Begin PBXNativeTarget section */
		66321FBE2907FB28002B43A8 /* namava-assesment */ = {
			isa = PBXNativeTarget;
			buildConfigurationList = 66321FE92907FB2A002B43A8 /* Build configuration list for PBXNativeTarget "namava-assesment" */;
			buildPhases = (
				40DDFD178D331EC643F1097C /* [CP] Check Pods Manifest.lock */,
				66321FBB2907FB28002B43A8 /* Sources */,
				66321FBC2907FB28002B43A8 /* Frameworks */,
				66321FBD2907FB28002B43A8 /* Resources */,
				1746756A4C10A17FA75B33DB /* [CP] Embed Pods Frameworks */,
			);
			buildRules = (
			);
			dependencies = (
			);
			name = "namava-assesment";
			productName = "namava-assesment";
			productReference = 66321FBF2907FB28002B43A8 /* namava-assesment.app */;
			productType = "com.apple.product-type.application";
		};
		66321FD42907FB2A002B43A8 /* namava-assesmentTests */ = {
			isa = PBXNativeTarget;
			buildConfigurationList = 66321FEC2907FB2A002B43A8 /* Build configuration list for PBXNativeTarget "namava-assesmentTests" */;
			buildPhases = (
				6BD61A2A42EA5F9310D8F734 /* [CP] Check Pods Manifest.lock */,
				66321FD12907FB2A002B43A8 /* Sources */,
				66321FD22907FB2A002B43A8 /* Frameworks */,
				66321FD32907FB2A002B43A8 /* Resources */,
			);
			buildRules = (
			);
			dependencies = (
				66321FD72907FB2A002B43A8 /* PBXTargetDependency */,
			);
			name = "namava-assesmentTests";
			productName = "namava-assesmentTests";
			productReference = 66321FD52907FB2A002B43A8 /* namava-assesmentTests.xctest */;
			productType = "com.apple.product-type.bundle.unit-test";
		};
		66321FDE2907FB2A002B43A8 /* namava-assesmentUITests */ = {
			isa = PBXNativeTarget;
			buildConfigurationList = 66321FEF2907FB2A002B43A8 /* Build configuration list for PBXNativeTarget "namava-assesmentUITests" */;
			buildPhases = (
				95E4142B7177B03527292131 /* [CP] Check Pods Manifest.lock */,
				66321FDB2907FB2A002B43A8 /* Sources */,
				66321FDC2907FB2A002B43A8 /* Frameworks */,
				66321FDD2907FB2A002B43A8 /* Resources */,
				FE6A17C944E79E086A8E2E44 /* [CP] Embed Pods Frameworks */,
			);
			buildRules = (
			);
			dependencies = (
				66321FE12907FB2A002B43A8 /* PBXTargetDependency */,
			);
			name = "namava-assesmentUITests";
			productName = "namava-assesmentUITests";
			productReference = 66321FDF2907FB2A002B43A8 /* namava-assesmentUITests.xctest */;
			productType = "com.apple.product-type.bundle.ui-testing";
		};
/* End PBXNativeTarget section */

/* Begin PBXProject section */
		66321FB72907FB28002B43A8 /* Project object */ = {
			isa = PBXProject;
			attributes = {
				BuildIndependentTargetsInParallel = 1;
				LastSwiftUpdateCheck = 1340;
				LastUpgradeCheck = 1340;
				TargetAttributes = {
					66321FBE2907FB28002B43A8 = {
						CreatedOnToolsVersion = 13.4.1;
					};
					66321FD42907FB2A002B43A8 = {
						CreatedOnToolsVersion = 13.4.1;
						TestTargetID = 66321FBE2907FB28002B43A8;
					};
					66321FDE2907FB2A002B43A8 = {
						CreatedOnToolsVersion = 13.4.1;
						TestTargetID = 66321FBE2907FB28002B43A8;
					};
				};
			};
			buildConfigurationList = 66321FBA2907FB28002B43A8 /* Build configuration list for PBXProject "namava-assesment" */;
			compatibilityVersion = "Xcode 13.0";
			developmentRegion = en;
			hasScannedForEncodings = 0;
			knownRegions = (
				en,
				Base,
			);
			mainGroup = 66321FB62907FB28002B43A8;
			productRefGroup = 66321FC02907FB28002B43A8 /* Products */;
			projectDirPath = "";
			projectRoot = "";
			targets = (
				66321FBE2907FB28002B43A8 /* namava-assesment */,
				66321FD42907FB2A002B43A8 /* namava-assesmentTests */,
				66321FDE2907FB2A002B43A8 /* namava-assesmentUITests */,
			);
		};
/* End PBXProject section */

/* Begin PBXResourcesBuildPhase section */
		66321FBD2907FB28002B43A8 /* Resources */ = {
			isa = PBXResourcesBuildPhase;
			buildActionMask = 2147483647;
			files = (
				66321FCF2907FB2A002B43A8 /* LaunchScreen.storyboard in Resources */,
				66321FCC2907FB2A002B43A8 /* Assets.xcassets in Resources */,
				66321FCA2907FB28002B43A8 /* Main.storyboard in Resources */,
			);
			runOnlyForDeploymentPostprocessing = 0;
		};
		66321FD32907FB2A002B43A8 /* Resources */ = {
			isa = PBXResourcesBuildPhase;
			buildActionMask = 2147483647;
			files = (
			);
			runOnlyForDeploymentPostprocessing = 0;
		};
		66321FDD2907FB2A002B43A8 /* Resources */ = {
			isa = PBXResourcesBuildPhase;
			buildActionMask = 2147483647;
			files = (
			);
			runOnlyForDeploymentPostprocessing = 0;
		};
/* End PBXResourcesBuildPhase section */

/* Begin PBXShellScriptBuildPhase section */
		1746756A4C10A17FA75B33DB /* [CP] Embed Pods Frameworks */ = {
			isa = PBXShellScriptBuildPhase;
			buildActionMask = 2147483647;
			files = (
			);
			inputFileListPaths = (
				"${PODS_ROOT}/Target Support Files/Pods-namava-assesment/Pods-namava-assesment-frameworks-${CONFIGURATION}-input-files.xcfilelist",
			);
			name = "[CP] Embed Pods Frameworks";
			outputFileListPaths = (
				"${PODS_ROOT}/Target Support Files/Pods-namava-assesment/Pods-namava-assesment-frameworks-${CONFIGURATION}-output-files.xcfilelist",
			);
			runOnlyForDeploymentPostprocessing = 0;
			shellPath = /bin/sh;
			shellScript = "\"${PODS_ROOT}/Target Support Files/Pods-namava-assesment/Pods-namava-assesment-frameworks.sh\"\n";
			showEnvVarsInLog = 0;
		};
		40DDFD178D331EC643F1097C /* [CP] Check Pods Manifest.lock */ = {
			isa = PBXShellScriptBuildPhase;
			buildActionMask = 2147483647;
			files = (
			);
			inputFileListPaths = (
			);
			inputPaths = (
				"${PODS_PODFILE_DIR_PATH}/Podfile.lock",
				"${PODS_ROOT}/Manifest.lock",
			);
			name = "[CP] Check Pods Manifest.lock";
			outputFileListPaths = (
			);
			outputPaths = (
				"$(DERIVED_FILE_DIR)/Pods-namava-assesment-checkManifestLockResult.txt",
			);
			runOnlyForDeploymentPostprocessing = 0;
			shellPath = /bin/sh;
			shellScript = "diff \"${PODS_PODFILE_DIR_PATH}/Podfile.lock\" \"${PODS_ROOT}/Manifest.lock\" > /dev/null\nif [ $? != 0 ] ; then\n    # print error to STDERR\n    echo \"error: The sandbox is not in sync with the Podfile.lock. Run 'pod install' or update your CocoaPods installation.\" >&2\n    exit 1\nfi\n# This output is used by Xcode 'outputs' to avoid re-running this script phase.\necho \"SUCCESS\" > \"${SCRIPT_OUTPUT_FILE_0}\"\n";
			showEnvVarsInLog = 0;
		};
		6BD61A2A42EA5F9310D8F734 /* [CP] Check Pods Manifest.lock */ = {
			isa = PBXShellScriptBuildPhase;
			buildActionMask = 2147483647;
			files = (
			);
			inputFileListPaths = (
			);
			inputPaths = (
				"${PODS_PODFILE_DIR_PATH}/Podfile.lock",
				"${PODS_ROOT}/Manifest.lock",
			);
			name = "[CP] Check Pods Manifest.lock";
			outputFileListPaths = (
			);
			outputPaths = (
				"$(DERIVED_FILE_DIR)/Pods-namava-assesmentTests-checkManifestLockResult.txt",
			);
			runOnlyForDeploymentPostprocessing = 0;
			shellPath = /bin/sh;
			shellScript = "diff \"${PODS_PODFILE_DIR_PATH}/Podfile.lock\" \"${PODS_ROOT}/Manifest.lock\" > /dev/null\nif [ $? != 0 ] ; then\n    # print error to STDERR\n    echo \"error: The sandbox is not in sync with the Podfile.lock. Run 'pod install' or update your CocoaPods installation.\" >&2\n    exit 1\nfi\n# This output is used by Xcode 'outputs' to avoid re-running this script phase.\necho \"SUCCESS\" > \"${SCRIPT_OUTPUT_FILE_0}\"\n";
			showEnvVarsInLog = 0;
		};
		95E4142B7177B03527292131 /* [CP] Check Pods Manifest.lock */ = {
			isa = PBXShellScriptBuildPhase;
			buildActionMask = 2147483647;
			files = (
			);
			inputFileListPaths = (
			);
			inputPaths = (
				"${PODS_PODFILE_DIR_PATH}/Podfile.lock",
				"${PODS_ROOT}/Manifest.lock",
			);
			name = "[CP] Check Pods Manifest.lock";
			outputFileListPaths = (
			);
			outputPaths = (
				"$(DERIVED_FILE_DIR)/Pods-namava-assesment-namava-assesmentUITests-checkManifestLockResult.txt",
			);
			runOnlyForDeploymentPostprocessing = 0;
			shellPath = /bin/sh;
			shellScript = "diff \"${PODS_PODFILE_DIR_PATH}/Podfile.lock\" \"${PODS_ROOT}/Manifest.lock\" > /dev/null\nif [ $? != 0 ] ; then\n    # print error to STDERR\n    echo \"error: The sandbox is not in sync with the Podfile.lock. Run 'pod install' or update your CocoaPods installation.\" >&2\n    exit 1\nfi\n# This output is used by Xcode 'outputs' to avoid re-running this script phase.\necho \"SUCCESS\" > \"${SCRIPT_OUTPUT_FILE_0}\"\n";
			showEnvVarsInLog = 0;
		};
		FE6A17C944E79E086A8E2E44 /* [CP] Embed Pods Frameworks */ = {
			isa = PBXShellScriptBuildPhase;
			buildActionMask = 2147483647;
			files = (
			);
			inputFileListPaths = (
				"${PODS_ROOT}/Target Support Files/Pods-namava-assesment-namava-assesmentUITests/Pods-namava-assesment-namava-assesmentUITests-frameworks-${CONFIGURATION}-input-files.xcfilelist",
			);
			name = "[CP] Embed Pods Frameworks";
			outputFileListPaths = (
				"${PODS_ROOT}/Target Support Files/Pods-namava-assesment-namava-assesmentUITests/Pods-namava-assesment-namava-assesmentUITests-frameworks-${CONFIGURATION}-output-files.xcfilelist",
			);
			runOnlyForDeploymentPostprocessing = 0;
			shellPath = /bin/sh;
			shellScript = "\"${PODS_ROOT}/Target Support Files/Pods-namava-assesment-namava-assesmentUITests/Pods-namava-assesment-namava-assesmentUITests-frameworks.sh\"\n";
			showEnvVarsInLog = 0;
		};
/* End PBXShellScriptBuildPhase section */

/* Begin PBXSourcesBuildPhase section */
		66321FBB2907FB28002B43A8 /* Sources */ = {
			isa = PBXSourcesBuildPhase;
			buildActionMask = 2147483647;
			files = (
				66DE13122907FCEB00ECF1C1 /* WebserviceRequestURLs.swift in Sources */,
				66DE13362908077600ECF1C1 /* VideoListItem.swift in Sources */,
				66F7FFDC290B4CAE00D18F4C /* AVPlayer+isPlaying.swift in Sources */,
				66F7FFF6290B6ED400D18F4C /* UIViewController+UIAlert.swift in Sources */,
				66DE13212907FCEB00ECF1C1 /* NetworkError.swift in Sources */,
				66F7FFD9290B4C7D00D18F4C /* VimeoThumbnail.swift in Sources */,
				66E881B6290A2854006985AA /* DetailViewModel.swift in Sources */,
				66F70035290BAFA000D18F4C /* ImageCollection.swift in Sources */,
				66DE1332290806F900ECF1C1 /* ListViewModel.swift in Sources */,
				66DE13242907FCEB00ECF1C1 /* WebserviceBaseURL.swift in Sources */,
				66321FC32907FB28002B43A8 /* AppDelegate.swift in Sources */,
				66F7FFF2290B6DD000D18F4C /* Reactive+PreferencesService.swift in Sources */,
				66DE133A29080AD900ECF1C1 /* ListViewController.swift in Sources */,
				66E881BC290A2938006985AA /* AuthenticationViewModel.swift in Sources */,
				66DE13152907FCEB00ECF1C1 /* ImageLoader.swift in Sources */,
				66E881B1290973E6006985AA /* SecretReader.swift in Sources */,
				66DE131E2907FCEB00ECF1C1 /* HttpMethod.swift in Sources */,
				66E881B4290A280D006985AA /* DetailViewController.swift in Sources */,
				66DE131B2907FCEB00ECF1C1 /* Resource.swift in Sources */,
				66F70031290BAAA300D18F4C /* ListPlaceholder.swift in Sources */,
				66F7FFDE290B4D7B00D18F4C /* VimeoPlayerControlView.swift in Sources */,
				6653C47D2908613800F05F3C /* Coordinator.swift in Sources */,
				66DE132E2907FDDB00ECF1C1 /* APIVersion.swift in Sources */,
				66F7FFE4290B67BA00D18F4C /* UIView+LoadingIndicator.swift in Sources */,
				66E881B8290A28EA006985AA /* VimeoPlayer.swift in Sources */,
				66F7FFEA290B6C6D00D18F4C /* PreferencesService.swift in Sources */,
				66DE13182907FCEB00ECF1C1 /* Webservice.swift in Sources */,
				66DE132A2907FDC700ECF1C1 /* URL+path.swift in Sources */,
				66F7FFF0290B6DA800D18F4C /* UserPreferences.swift in Sources */,
				66321FC52907FB28002B43A8 /* SceneDelegate.swift in Sources */,
				66F7FFE0290B4DE100D18F4C /* ProgressView.swift in Sources */,
				66DE133E29080DCE00ECF1C1 /* ListItemCell.swift in Sources */,
				66F7FFEC290B6D2300D18F4C /* AppStepper.swift in Sources */,
				66F70039290BAFEB00D18F4C /* UIImage+ImageCollection.swift in Sources */,
				66F7FFF9290B730700D18F4C /* TimeFormatter.swift in Sources */,
				66F7FFE7290B687A00D18F4C /* AppStep.swift in Sources */,
				66E881BA290A2916006985AA /* StatsStackView.swift in Sources */,
				66F7FFE2290B4E1100D18F4C /* Reactive+AVPlayer.swift in Sources */,
				66F7FFEE290B6D6600D18F4C /* AppService.swift in Sources */,
			);
			runOnlyForDeploymentPostprocessing = 0;
		};
		66321FD12907FB2A002B43A8 /* Sources */ = {
			isa = PBXSourcesBuildPhase;
			buildActionMask = 2147483647;
			files = (
				66DE13372908077600ECF1C1 /* VideoListItem.swift in Sources */,
				66DE13132907FCEB00ECF1C1 /* WebserviceRequestURLs.swift in Sources */,
				66F7FFFE290B851600D18F4C /* AVPlayer+isPlaying.swift in Sources */,
				66DE13222907FCEB00ECF1C1 /* NetworkError.swift in Sources */,
				66321FDA2907FB2A002B43A8 /* namava_assesmentTests.swift in Sources */,
				66F70023290B858600D18F4C /* AppStep.swift in Sources */,
				66F7000B290B853300D18F4C /* ProgressView.swift in Sources */,
				66F70036290BAFA000D18F4C /* ImageCollection.swift in Sources */,
				66F7002E290B863400D18F4C /* UtilTests.swift in Sources */,
				66F70004290B852300D18F4C /* AppService.swift in Sources */,
				66F70002290B851C00D18F4C /* UIViewController+UIAlert.swift in Sources */,
				66DE132F2907FDDB00ECF1C1 /* APIVersion.swift in Sources */,
				66F7000E290B853300D18F4C /* VimeoThumbnail.swift in Sources */,
				66F7001A290B853B00D18F4C /* AuthenticationViewModel.swift in Sources */,
				66DE13192907FCEB00ECF1C1 /* Webservice.swift in Sources */,
				66DE131C2907FCEB00ECF1C1 /* Resource.swift in Sources */,
				66F7FFFC290B851300D18F4C /* Reactive+PreferencesService.swift in Sources */,
				66DE131F2907FCEB00ECF1C1 /* HttpMethod.swift in Sources */,
				66F70026290B859200D18F4C /* SecretReader.swift in Sources */,
				66F70032290BAAA300D18F4C /* ListPlaceholder.swift in Sources */,
				66DE133F29080DCE00ECF1C1 /* ListItemCell.swift in Sources */,
				66F70024290B858600D18F4C /* Coordinator.swift in Sources */,
				66DE13162907FCEB00ECF1C1 /* ImageLoader.swift in Sources */,
				66DE13252907FCEB00ECF1C1 /* WebserviceBaseURL.swift in Sources */,
				66F7000A290B853300D18F4C /* StatsStackView.swift in Sources */,
				66F70022290B858600D18F4C /* AppStepper.swift in Sources */,
				66F70028290B859800D18F4C /* TimeFormatter.swift in Sources */,
				66F70000290B851900D18F4C /* UIView+LoadingIndicator.swift in Sources */,
				66F7000D290B853300D18F4C /* VimeoPlayerControlView.swift in Sources */,
				66F70006290B852600D18F4C /* PreferencesService.swift in Sources */,
				66F7000C290B853300D18F4C /* VimeoPlayer.swift in Sources */,
				66DE132B2907FDC700ECF1C1 /* URL+path.swift in Sources */,
				66F70019290B853B00D18F4C /* DetailViewModel.swift in Sources */,
				66F7003A290BAFEB00D18F4C /* UIImage+ImageCollection.swift in Sources */,
				66DE133B29080AD900ECF1C1 /* ListViewController.swift in Sources */,
				66F7FFFA290B851000D18F4C /* Reactive+AVPlayer.swift in Sources */,
				66F7001E290B857D00D18F4C /* DetailViewController.swift in Sources */,
				66DE1333290806F900ECF1C1 /* ListViewModel.swift in Sources */,
				66F70008290B852A00D18F4C /* UserPreferences.swift in Sources */,
			);
			runOnlyForDeploymentPostprocessing = 0;
		};
		66321FDB2907FB2A002B43A8 /* Sources */ = {
			isa = PBXSourcesBuildPhase;
			buildActionMask = 2147483647;
			files = (
				66F70025290B859100D18F4C /* SecretReader.swift in Sources */,
				66F70027290B859800D18F4C /* TimeFormatter.swift in Sources */,
				66DE13142907FCEB00ECF1C1 /* WebserviceRequestURLs.swift in Sources */,
				66F70001290B851A00D18F4C /* UIView+LoadingIndicator.swift in Sources */,
				66F70017290B853A00D18F4C /* DetailViewModel.swift in Sources */,
				66F70016290B853A00D18F4C /* ListViewModel.swift in Sources */,
				66DE13382908077600ECF1C1 /* VideoListItem.swift in Sources */,
				66F70013290B853400D18F4C /* VimeoThumbnail.swift in Sources */,
				66F70018290B853A00D18F4C /* AuthenticationViewModel.swift in Sources */,
				66F70020290B858500D18F4C /* AppStep.swift in Sources */,
				66F7FFFF290B851700D18F4C /* AVPlayer+isPlaying.swift in Sources */,
				66F7001C290B857C00D18F4C /* ListViewController.swift in Sources */,
				66F70021290B858500D18F4C /* Coordinator.swift in Sources */,
				66F70037290BAFA000D18F4C /* ImageCollection.swift in Sources */,
				66DE13232907FCEB00ECF1C1 /* NetworkError.swift in Sources */,
				66F7FFFB290B851000D18F4C /* Reactive+AVPlayer.swift in Sources */,
				66F70003290B851C00D18F4C /* UIViewController+UIAlert.swift in Sources */,
				66F70007290B852600D18F4C /* PreferencesService.swift in Sources */,
				66DE13262907FCEB00ECF1C1 /* WebserviceBaseURL.swift in Sources */,
				66321FE62907FB2A002B43A8 /* namava_assesmentUITestsLaunchTests.swift in Sources */,
				66F7001F290B858500D18F4C /* AppStepper.swift in Sources */,
				66F70033290BAAA300D18F4C /* ListPlaceholder.swift in Sources */,
				66F70010290B853400D18F4C /* ProgressView.swift in Sources */,
				66DE13172907FCEB00ECF1C1 /* ImageLoader.swift in Sources */,
				66DE13202907FCEB00ECF1C1 /* HttpMethod.swift in Sources */,
				66F70011290B853400D18F4C /* VimeoPlayer.swift in Sources */,
				66F7001D290B857C00D18F4C /* DetailViewController.swift in Sources */,
				66F7003B290BAFEB00D18F4C /* UIImage+ImageCollection.swift in Sources */,
				66F70012290B853400D18F4C /* VimeoPlayerControlView.swift in Sources */,
				66F7FFFD290B851300D18F4C /* Reactive+PreferencesService.swift in Sources */,
				66F7000F290B853400D18F4C /* StatsStackView.swift in Sources */,
				66F7002A290B85EB00D18F4C /* searchUITests.swift in Sources */,
				66DE131D2907FCEB00ECF1C1 /* Resource.swift in Sources */,
				66DE13302907FDDB00ECF1C1 /* APIVersion.swift in Sources */,
				66F70009290B852A00D18F4C /* UserPreferences.swift in Sources */,
				66F70005290B852400D18F4C /* AppService.swift in Sources */,
				66DE131A2907FCEB00ECF1C1 /* Webservice.swift in Sources */,
				66DE132C2907FDC700ECF1C1 /* URL+path.swift in Sources */,
				66321FE42907FB2A002B43A8 /* namava_assesmentUITests.swift in Sources */,
				66DE134029080DCE00ECF1C1 /* ListItemCell.swift in Sources */,
			);
			runOnlyForDeploymentPostprocessing = 0;
		};
/* End PBXSourcesBuildPhase section */

/* Begin PBXTargetDependency section */
		66321FD72907FB2A002B43A8 /* PBXTargetDependency */ = {
			isa = PBXTargetDependency;
			target = 66321FBE2907FB28002B43A8 /* namava-assesment */;
			targetProxy = 66321FD62907FB2A002B43A8 /* PBXContainerItemProxy */;
		};
		66321FE12907FB2A002B43A8 /* PBXTargetDependency */ = {
			isa = PBXTargetDependency;
			target = 66321FBE2907FB28002B43A8 /* namava-assesment */;
			targetProxy = 66321FE02907FB2A002B43A8 /* PBXContainerItemProxy */;
		};
/* End PBXTargetDependency section */

/* Begin PBXVariantGroup section */
		66321FC82907FB28002B43A8 /* Main.storyboard */ = {
			isa = PBXVariantGroup;
			children = (
				66321FC92907FB28002B43A8 /* Base */,
			);
			name = Main.storyboard;
			sourceTree = "<group>";
		};
		66321FCD2907FB2A002B43A8 /* LaunchScreen.storyboard */ = {
			isa = PBXVariantGroup;
			children = (
				66321FCE2907FB2A002B43A8 /* Base */,
			);
			name = LaunchScreen.storyboard;
			sourceTree = "<group>";
		};
/* End PBXVariantGroup section */

/* Begin XCBuildConfiguration section */
		66321FE72907FB2A002B43A8 /* Debug */ = {
			isa = XCBuildConfiguration;
			baseConfigurationReference = 66DE134129083EFB00ECF1C1 /* VimeoConfig.xcconfig */;
			buildSettings = {
				ALWAYS_SEARCH_USER_PATHS = NO;
				CLANG_ANALYZER_NONNULL = YES;
				CLANG_ANALYZER_NUMBER_OBJECT_CONVERSION = YES_AGGRESSIVE;
				CLANG_CXX_LANGUAGE_STANDARD = "gnu++17";
				CLANG_ENABLE_MODULES = YES;
				CLANG_ENABLE_OBJC_ARC = YES;
				CLANG_ENABLE_OBJC_WEAK = YES;
				CLANG_WARN_BLOCK_CAPTURE_AUTORELEASING = YES;
				CLANG_WARN_BOOL_CONVERSION = YES;
				CLANG_WARN_COMMA = YES;
				CLANG_WARN_CONSTANT_CONVERSION = YES;
				CLANG_WARN_DEPRECATED_OBJC_IMPLEMENTATIONS = YES;
				CLANG_WARN_DIRECT_OBJC_ISA_USAGE = YES_ERROR;
				CLANG_WARN_DOCUMENTATION_COMMENTS = YES;
				CLANG_WARN_EMPTY_BODY = YES;
				CLANG_WARN_ENUM_CONVERSION = YES;
				CLANG_WARN_INFINITE_RECURSION = YES;
				CLANG_WARN_INT_CONVERSION = YES;
				CLANG_WARN_NON_LITERAL_NULL_CONVERSION = YES;
				CLANG_WARN_OBJC_IMPLICIT_RETAIN_SELF = YES;
				CLANG_WARN_OBJC_LITERAL_CONVERSION = YES;
				CLANG_WARN_OBJC_ROOT_CLASS = YES_ERROR;
				CLANG_WARN_QUOTED_INCLUDE_IN_FRAMEWORK_HEADER = YES;
				CLANG_WARN_RANGE_LOOP_ANALYSIS = YES;
				CLANG_WARN_STRICT_PROTOTYPES = YES;
				CLANG_WARN_SUSPICIOUS_MOVE = YES;
				CLANG_WARN_UNGUARDED_AVAILABILITY = YES_AGGRESSIVE;
				CLANG_WARN_UNREACHABLE_CODE = YES;
				CLANG_WARN__DUPLICATE_METHOD_MATCH = YES;
				COPY_PHASE_STRIP = NO;
				DEBUG_INFORMATION_FORMAT = dwarf;
				ENABLE_STRICT_OBJC_MSGSEND = YES;
				ENABLE_TESTABILITY = YES;
				GCC_C_LANGUAGE_STANDARD = gnu11;
				GCC_DYNAMIC_NO_PIC = NO;
				GCC_NO_COMMON_BLOCKS = YES;
				GCC_OPTIMIZATION_LEVEL = 0;
				GCC_PREPROCESSOR_DEFINITIONS = (
					"DEBUG=1",
					"$(inherited)",
				);
				GCC_WARN_64_TO_32_BIT_CONVERSION = YES;
				GCC_WARN_ABOUT_RETURN_TYPE = YES_ERROR;
				GCC_WARN_UNDECLARED_SELECTOR = YES;
				GCC_WARN_UNINITIALIZED_AUTOS = YES_AGGRESSIVE;
				GCC_WARN_UNUSED_FUNCTION = YES;
				GCC_WARN_UNUSED_VARIABLE = YES;
				IPHONEOS_DEPLOYMENT_TARGET = 15.5;
				MTL_ENABLE_DEBUG_INFO = INCLUDE_SOURCE;
				MTL_FAST_MATH = YES;
				ONLY_ACTIVE_ARCH = YES;
				SDKROOT = iphoneos;
				SWIFT_ACTIVE_COMPILATION_CONDITIONS = DEBUG;
				SWIFT_OPTIMIZATION_LEVEL = "-Onone";
			};
			name = Debug;
		};
		66321FE82907FB2A002B43A8 /* Release */ = {
			isa = XCBuildConfiguration;
			baseConfigurationReference = 66DE134129083EFB00ECF1C1 /* VimeoConfig.xcconfig */;
			buildSettings = {
				ALWAYS_SEARCH_USER_PATHS = NO;
				CLANG_ANALYZER_NONNULL = YES;
				CLANG_ANALYZER_NUMBER_OBJECT_CONVERSION = YES_AGGRESSIVE;
				CLANG_CXX_LANGUAGE_STANDARD = "gnu++17";
				CLANG_ENABLE_MODULES = YES;
				CLANG_ENABLE_OBJC_ARC = YES;
				CLANG_ENABLE_OBJC_WEAK = YES;
				CLANG_WARN_BLOCK_CAPTURE_AUTORELEASING = YES;
				CLANG_WARN_BOOL_CONVERSION = YES;
				CLANG_WARN_COMMA = YES;
				CLANG_WARN_CONSTANT_CONVERSION = YES;
				CLANG_WARN_DEPRECATED_OBJC_IMPLEMENTATIONS = YES;
				CLANG_WARN_DIRECT_OBJC_ISA_USAGE = YES_ERROR;
				CLANG_WARN_DOCUMENTATION_COMMENTS = YES;
				CLANG_WARN_EMPTY_BODY = YES;
				CLANG_WARN_ENUM_CONVERSION = YES;
				CLANG_WARN_INFINITE_RECURSION = YES;
				CLANG_WARN_INT_CONVERSION = YES;
				CLANG_WARN_NON_LITERAL_NULL_CONVERSION = YES;
				CLANG_WARN_OBJC_IMPLICIT_RETAIN_SELF = YES;
				CLANG_WARN_OBJC_LITERAL_CONVERSION = YES;
				CLANG_WARN_OBJC_ROOT_CLASS = YES_ERROR;
				CLANG_WARN_QUOTED_INCLUDE_IN_FRAMEWORK_HEADER = YES;
				CLANG_WARN_RANGE_LOOP_ANALYSIS = YES;
				CLANG_WARN_STRICT_PROTOTYPES = YES;
				CLANG_WARN_SUSPICIOUS_MOVE = YES;
				CLANG_WARN_UNGUARDED_AVAILABILITY = YES_AGGRESSIVE;
				CLANG_WARN_UNREACHABLE_CODE = YES;
				CLANG_WARN__DUPLICATE_METHOD_MATCH = YES;
				COPY_PHASE_STRIP = NO;
				DEBUG_INFORMATION_FORMAT = "dwarf-with-dsym";
				ENABLE_NS_ASSERTIONS = NO;
				ENABLE_STRICT_OBJC_MSGSEND = YES;
				GCC_C_LANGUAGE_STANDARD = gnu11;
				GCC_NO_COMMON_BLOCKS = YES;
				GCC_WARN_64_TO_32_BIT_CONVERSION = YES;
				GCC_WARN_ABOUT_RETURN_TYPE = YES_ERROR;
				GCC_WARN_UNDECLARED_SELECTOR = YES;
				GCC_WARN_UNINITIALIZED_AUTOS = YES_AGGRESSIVE;
				GCC_WARN_UNUSED_FUNCTION = YES;
				GCC_WARN_UNUSED_VARIABLE = YES;
				IPHONEOS_DEPLOYMENT_TARGET = 15.5;
				MTL_ENABLE_DEBUG_INFO = NO;
				MTL_FAST_MATH = YES;
				SDKROOT = iphoneos;
				SWIFT_COMPILATION_MODE = wholemodule;
				SWIFT_OPTIMIZATION_LEVEL = "-O";
				VALIDATE_PRODUCT = YES;
			};
			name = Release;
		};
		66321FEA2907FB2A002B43A8 /* Debug */ = {
			isa = XCBuildConfiguration;
			baseConfigurationReference = D9AD2B9F5C17F100D6DB4CCA /* Pods-namava-assesment.debug.xcconfig */;
			buildSettings = {
				ASSETCATALOG_COMPILER_APPICON_NAME = AppIcon;
				ASSETCATALOG_COMPILER_GLOBAL_ACCENT_COLOR_NAME = AccentColor;
				CODE_SIGN_STYLE = Automatic;
				CURRENT_PROJECT_VERSION = 1;
				DEVELOPMENT_TEAM = W8U9KLFQF6;
				GENERATE_INFOPLIST_FILE = YES;
				INFOPLIST_FILE = "namava-assesment/Info.plist";
				INFOPLIST_KEY_UIApplicationSupportsIndirectInputEvents = YES;
				INFOPLIST_KEY_UILaunchStoryboardName = LaunchScreen;
				INFOPLIST_KEY_UIMainStoryboardFile = Main;
				INFOPLIST_KEY_UISupportedInterfaceOrientations = UIInterfaceOrientationPortrait;
				INFOPLIST_KEY_UISupportedInterfaceOrientations_iPad = "UIInterfaceOrientationPortrait UIInterfaceOrientationPortraitUpsideDown UIInterfaceOrientationLandscapeLeft UIInterfaceOrientationLandscapeRight";
				INFOPLIST_KEY_UISupportedInterfaceOrientations_iPhone = "UIInterfaceOrientationPortrait UIInterfaceOrientationLandscapeLeft UIInterfaceOrientationLandscapeRight";
				LD_RUNPATH_SEARCH_PATHS = (
					"$(inherited)",
					"@executable_path/Frameworks",
				);
				MARKETING_VERSION = 1.0;
				PRODUCT_BUNDLE_IDENTIFIER = "com.vahid.namava-assesment";
				PRODUCT_NAME = "$(TARGET_NAME)";
				SWIFT_EMIT_LOC_STRINGS = YES;
				SWIFT_VERSION = 5.0;
				TARGETED_DEVICE_FAMILY = "1,2";
			};
			name = Debug;
		};
		66321FEB2907FB2A002B43A8 /* Release */ = {
			isa = XCBuildConfiguration;
			baseConfigurationReference = F9D80F4DE7B361E2B2E172EE /* Pods-namava-assesment.release.xcconfig */;
			buildSettings = {
				ASSETCATALOG_COMPILER_APPICON_NAME = AppIcon;
				ASSETCATALOG_COMPILER_GLOBAL_ACCENT_COLOR_NAME = AccentColor;
				CODE_SIGN_STYLE = Automatic;
				CURRENT_PROJECT_VERSION = 1;
				DEVELOPMENT_TEAM = W8U9KLFQF6;
				GENERATE_INFOPLIST_FILE = YES;
				INFOPLIST_FILE = "namava-assesment/Info.plist";
				INFOPLIST_KEY_UIApplicationSupportsIndirectInputEvents = YES;
				INFOPLIST_KEY_UILaunchStoryboardName = LaunchScreen;
				INFOPLIST_KEY_UIMainStoryboardFile = Main;
				INFOPLIST_KEY_UISupportedInterfaceOrientations = UIInterfaceOrientationPortrait;
				INFOPLIST_KEY_UISupportedInterfaceOrientations_iPad = "UIInterfaceOrientationPortrait UIInterfaceOrientationPortraitUpsideDown UIInterfaceOrientationLandscapeLeft UIInterfaceOrientationLandscapeRight";
				INFOPLIST_KEY_UISupportedInterfaceOrientations_iPhone = "UIInterfaceOrientationPortrait UIInterfaceOrientationLandscapeLeft UIInterfaceOrientationLandscapeRight";
				LD_RUNPATH_SEARCH_PATHS = (
					"$(inherited)",
					"@executable_path/Frameworks",
				);
				MARKETING_VERSION = 1.0;
				PRODUCT_BUNDLE_IDENTIFIER = "com.vahid.namava-assesment";
				PRODUCT_NAME = "$(TARGET_NAME)";
				SWIFT_EMIT_LOC_STRINGS = YES;
				SWIFT_VERSION = 5.0;
				TARGETED_DEVICE_FAMILY = "1,2";
			};
			name = Release;
		};
		66321FED2907FB2A002B43A8 /* Debug */ = {
			isa = XCBuildConfiguration;
			baseConfigurationReference = 45634CF40A2AC27CBFFF99C3 /* Pods-namava-assesmentTests.debug.xcconfig */;
			buildSettings = {
				ALWAYS_EMBED_SWIFT_STANDARD_LIBRARIES = YES;
				BUNDLE_LOADER = "$(TEST_HOST)";
				CODE_SIGN_STYLE = Automatic;
				CURRENT_PROJECT_VERSION = 1;
				DEVELOPMENT_TEAM = W8U9KLFQF6;
				GENERATE_INFOPLIST_FILE = YES;
				IPHONEOS_DEPLOYMENT_TARGET = 15.5;
				MARKETING_VERSION = 1.0;
				PRODUCT_BUNDLE_IDENTIFIER = "com.vahid.namava-assesmentTests";
				PRODUCT_NAME = "$(TARGET_NAME)";
				SWIFT_EMIT_LOC_STRINGS = NO;
				SWIFT_VERSION = 5.0;
				TARGETED_DEVICE_FAMILY = "1,2";
				TEST_HOST = "$(BUILT_PRODUCTS_DIR)/namava-assesment.app/namava-assesment";
			};
			name = Debug;
		};
		66321FEE2907FB2A002B43A8 /* Release */ = {
			isa = XCBuildConfiguration;
			baseConfigurationReference = 671D16FEE654EB20914ED427 /* Pods-namava-assesmentTests.release.xcconfig */;
			buildSettings = {
				ALWAYS_EMBED_SWIFT_STANDARD_LIBRARIES = YES;
				BUNDLE_LOADER = "$(TEST_HOST)";
				CODE_SIGN_STYLE = Automatic;
				CURRENT_PROJECT_VERSION = 1;
				DEVELOPMENT_TEAM = W8U9KLFQF6;
				GENERATE_INFOPLIST_FILE = YES;
				IPHONEOS_DEPLOYMENT_TARGET = 15.5;
				MARKETING_VERSION = 1.0;
				PRODUCT_BUNDLE_IDENTIFIER = "com.vahid.namava-assesmentTests";
				PRODUCT_NAME = "$(TARGET_NAME)";
				SWIFT_EMIT_LOC_STRINGS = NO;
				SWIFT_VERSION = 5.0;
				TARGETED_DEVICE_FAMILY = "1,2";
				TEST_HOST = "$(BUILT_PRODUCTS_DIR)/namava-assesment.app/namava-assesment";
			};
			name = Release;
		};
		66321FF02907FB2A002B43A8 /* Debug */ = {
			isa = XCBuildConfiguration;
			baseConfigurationReference = 5B7B86225571414B5A574464 /* Pods-namava-assesment-namava-assesmentUITests.debug.xcconfig */;
			buildSettings = {
				ALWAYS_EMBED_SWIFT_STANDARD_LIBRARIES = YES;
				CODE_SIGN_STYLE = Automatic;
				CURRENT_PROJECT_VERSION = 1;
				DEVELOPMENT_TEAM = W8U9KLFQF6;
				GENERATE_INFOPLIST_FILE = YES;
				MARKETING_VERSION = 1.0;
				PRODUCT_BUNDLE_IDENTIFIER = "com.vahid.namava-assesmentUITests";
				PRODUCT_NAME = "$(TARGET_NAME)";
				SWIFT_EMIT_LOC_STRINGS = NO;
				SWIFT_VERSION = 5.0;
				TARGETED_DEVICE_FAMILY = "1,2";
				TEST_TARGET_NAME = "namava-assesment";
			};
			name = Debug;
		};
		66321FF12907FB2A002B43A8 /* Release */ = {
			isa = XCBuildConfiguration;
			baseConfigurationReference = 15DA00960E258501490CEBBC /* Pods-namava-assesment-namava-assesmentUITests.release.xcconfig */;
			buildSettings = {
				ALWAYS_EMBED_SWIFT_STANDARD_LIBRARIES = YES;
				CODE_SIGN_STYLE = Automatic;
				CURRENT_PROJECT_VERSION = 1;
				DEVELOPMENT_TEAM = W8U9KLFQF6;
				GENERATE_INFOPLIST_FILE = YES;
				MARKETING_VERSION = 1.0;
				PRODUCT_BUNDLE_IDENTIFIER = "com.vahid.namava-assesmentUITests";
				PRODUCT_NAME = "$(TARGET_NAME)";
				SWIFT_EMIT_LOC_STRINGS = NO;
				SWIFT_VERSION = 5.0;
				TARGETED_DEVICE_FAMILY = "1,2";
				TEST_TARGET_NAME = "namava-assesment";
			};
			name = Release;
		};
/* End XCBuildConfiguration section */

/* Begin XCConfigurationList section */
		66321FBA2907FB28002B43A8 /* Build configuration list for PBXProject "namava-assesment" */ = {
			isa = XCConfigurationList;
			buildConfigurations = (
				66321FE72907FB2A002B43A8 /* Debug */,
				66321FE82907FB2A002B43A8 /* Release */,
			);
			defaultConfigurationIsVisible = 0;
			defaultConfigurationName = Release;
		};
		66321FE92907FB2A002B43A8 /* Build configuration list for PBXNativeTarget "namava-assesment" */ = {
			isa = XCConfigurationList;
			buildConfigurations = (
				66321FEA2907FB2A002B43A8 /* Debug */,
				66321FEB2907FB2A002B43A8 /* Release */,
			);
			defaultConfigurationIsVisible = 0;
			defaultConfigurationName = Release;
		};
		66321FEC2907FB2A002B43A8 /* Build configuration list for PBXNativeTarget "namava-assesmentTests" */ = {
			isa = XCConfigurationList;
			buildConfigurations = (
				66321FED2907FB2A002B43A8 /* Debug */,
				66321FEE2907FB2A002B43A8 /* Release */,
			);
			defaultConfigurationIsVisible = 0;
			defaultConfigurationName = Release;
		};
		66321FEF2907FB2A002B43A8 /* Build configuration list for PBXNativeTarget "namava-assesmentUITests" */ = {
			isa = XCConfigurationList;
			buildConfigurations = (
				66321FF02907FB2A002B43A8 /* Debug */,
				66321FF12907FB2A002B43A8 /* Release */,
			);
			defaultConfigurationIsVisible = 0;
			defaultConfigurationName = Release;
		};
/* End XCConfigurationList section */
	};
	rootObject = 66321FB72907FB28002B43A8 /* Project object */;
}
